
Microsoft Visual Studio Solution File, Format Version 12.00
# Visual Studio 15
VisualStudioVersion = 15.0.27130.2026
MinimumVisualStudioVersion = 10.0.40219.1
Project("{2150E333-8FDC-42A3-9474-1A3956D46DE8}") = "src", "src", "{E74445DD-28F2-4920-961A-C3778DA73664}"
EndProject
Project("{2150E333-8FDC-42A3-9474-1A3956D46DE8}") = "doc", "doc", "{7B2AAD5E-368D-44EC-9215-418C718128CD}"
	ProjectSection(SolutionItems) = preProject
		.gitignore = .gitignore
		doc\Database.md = doc\Database.md
		README.md = README.md
		doc\VSTS.md = doc\VSTS.md
	EndProjectSection
EndProject
Project("{2150E333-8FDC-42A3-9474-1A3956D46DE8}") = "deploy", "deploy", "{8E178E6A-3786-4105-87DA-7523E146F09C}"
	ProjectSection(SolutionItems) = preProject
		deploy\azuredeploy.json = deploy\azuredeploy.json
		deploy\azuredeploy.parameters.json = deploy\azuredeploy.parameters.json
		deploy\deploy.ps1 = deploy\deploy.ps1
	EndProjectSection
EndProject
Project("{2150E333-8FDC-42A3-9474-1A3956D46DE8}") = "test", "test", "{70D80D12-0F5B-4966-9543-5304131A9000}"
EndProject
Project("{2150E333-8FDC-42A3-9474-1A3956D46DE8}") = "release", "release", "{41D4B852-972C-40BD-9520-41F90E5816AC}"
EndProject
Project("{2150E333-8FDC-42A3-9474-1A3956D46DE8}") = "unit", "unit", "{EC4DBAC1-A918-4A8A-A9BF-3B558B3133E5}"
EndProject
Project("{00D1A9C2-B5F0-4AF3-8072-F6C62B433612}") = "WarehouseDatabase", "src\WarehouseDatabase\WarehouseDatabase.sqlproj", "{C01021B8-8D75-499D-AF40-8063CFD3F917}"
EndProject
Project("{FAE04EC0-301F-11D3-BF4B-00C04F79EFBC}") = "WarehouseApp", "src\WarehouseApp\WarehouseApp.csproj", "{E9BA9DEA-0EE7-403B-9C6B-03AD51033D93}"
EndProject
Global
	GlobalSection(SolutionConfigurationPlatforms) = preSolution
		Debug|Any CPU = Debug|Any CPU
		Release|Any CPU = Release|Any CPU
	EndGlobalSection
	GlobalSection(ProjectConfigurationPlatforms) = postSolution
		{C01021B8-8D75-499D-AF40-8063CFD3F917}.Debug|Any CPU.ActiveCfg = Debug|Any CPU
		{C01021B8-8D75-499D-AF40-8063CFD3F917}.Debug|Any CPU.Build.0 = Debug|Any CPU
		{C01021B8-8D75-499D-AF40-8063CFD3F917}.Debug|Any CPU.Deploy.0 = Debug|Any CPU
		{C01021B8-8D75-499D-AF40-8063CFD3F917}.Release|Any CPU.ActiveCfg = Release|Any CPU
		{C01021B8-8D75-499D-AF40-8063CFD3F917}.Release|Any CPU.Build.0 = Release|Any CPU
		{C01021B8-8D75-499D-AF40-8063CFD3F917}.Release|Any CPU.Deploy.0 = Release|Any CPU
		{E9BA9DEA-0EE7-403B-9C6B-03AD51033D93}.Debug|Any CPU.ActiveCfg = Debug|Any CPU
		{E9BA9DEA-0EE7-403B-9C6B-03AD51033D93}.Debug|Any CPU.Build.0 = Debug|Any CPU
		{E9BA9DEA-0EE7-403B-9C6B-03AD51033D93}.Release|Any CPU.ActiveCfg = Release|Any CPU
		{E9BA9DEA-0EE7-403B-9C6B-03AD51033D93}.Release|Any CPU.Build.0 = Release|Any CPU
	EndGlobalSection
	GlobalSection(SolutionProperties) = preSolution
		HideSolutionNode = FALSE
	EndGlobalSection
	GlobalSection(NestedProjects) = preSolution
		{41D4B852-972C-40BD-9520-41F90E5816AC} = {70D80D12-0F5B-4966-9543-5304131A9000}
		{EC4DBAC1-A918-4A8A-A9BF-3B558B3133E5} = {70D80D12-0F5B-4966-9543-5304131A9000}
		{C01021B8-8D75-499D-AF40-8063CFD3F917} = {E74445DD-28F2-4920-961A-C3778DA73664}
		{E9BA9DEA-0EE7-403B-9C6B-03AD51033D93} = {E74445DD-28F2-4920-961A-C3778DA73664}
	EndGlobalSection
	GlobalSection(ExtensibilityGlobals) = postSolution
		SolutionGuid = {0DD95558-0125-4CFB-B98B-087873D0B5E4}
	EndGlobalSection
EndGlobal
